
Microsoft Visual Studio Solution File, Format Version 12.00
# Visual Studio 15
VisualStudioVersion = 15.0.27130.2027
MinimumVisualStudioVersion = 10.0.40219.1
Project("{FAE04EC0-301F-11D3-BF4B-00C04F79EFBC}") = "TorretaC", "TorretaC\TorretaC.csproj", "{31A55165-1F76-4BC3-9FED-A46BABDFDE8C}"
EndProject
Global
	GlobalSection(SolutionConfigurationPlatforms) = preSolution
		Debug|Any CPU = Debug|Any CPU
		Release|Any CPU = Release|Any CPU
	EndGlobalSection
	GlobalSection(ProjectConfigurationPlatforms) = postSolution
		{31A55165-1F76-4BC3-9FED-A46BABDFDE8C}.Debug|Any CPU.ActiveCfg = Debug|Any CPU
		{31A55165-1F76-4BC3-9FED-A46BABDFDE8C}.Debug|Any CPU.Build.0 = Debug|Any CPU
		{31A55165-1F76-4BC3-9FED-A46BABDFDE8C}.Release|Any CPU.ActiveCfg = Release|Any CPU
		{31A55165-1F76-4BC3-9FED-A46BABDFDE8C}.Release|Any CPU.Build.0 = Release|Any CPU
	EndGlobalSection
	GlobalSection(SolutionProperties) = preSolution
		HideSolutionNode = FALSE
	EndGlobalSection
	GlobalSection(ExtensibilityGlobals) = postSolution
		SolutionGuid = {BA231657-B1CA-4C14-92CC-3D0D79682471}
	EndGlobalSection
EndGlobal
